
Microsoft Visual Studio Solution File, Format Version 12.00
# Visual Studio Version 16
VisualStudioVersion = 16.0.29609.76
MinimumVisualStudioVersion = 10.0.40219.1
Project("{FAE04EC0-301F-11D3-BF4B-00C04F79EFBC}") = "CompanyManager", "CompanyManager\CompanyManager.csproj", "{9D9BE3A3-969A-43D7-B140-4EB246EF03F5}"
EndProject
Project("{FAE04EC0-301F-11D3-BF4B-00C04F79EFBC}") = "CompanyManagerBusinesLogicLayer", "CompanyManagerBusinesLogicLayer\CompanyManagerBusinesLogicLayer.csproj", "{05D8FA75-AAB0-4C27-A40E-6F130C0F29B5}"
EndProject
Project("{FAE04EC0-301F-11D3-BF4B-00C04F79EFBC}") = "CompanyManager.test", "CompanyManager.test\CompanyManager.test.csproj", "{2C50FEC3-1918-45EB-9E7E-D44C97D0D0E2}"
EndProject
Global
	GlobalSection(SolutionConfigurationPlatforms) = preSolution
		Debug|Any CPU = Debug|Any CPU
		Release|Any CPU = Release|Any CPU
	EndGlobalSection
	GlobalSection(ProjectConfigurationPlatforms) = postSolution
		{9D9BE3A3-969A-43D7-B140-4EB246EF03F5}.Debug|Any CPU.ActiveCfg = Debug|Any CPU
		{9D9BE3A3-969A-43D7-B140-4EB246EF03F5}.Debug|Any CPU.Build.0 = Debug|Any CPU
		{9D9BE3A3-969A-43D7-B140-4EB246EF03F5}.Release|Any CPU.ActiveCfg = Release|Any CPU
		{9D9BE3A3-969A-43D7-B140-4EB246EF03F5}.Release|Any CPU.Build.0 = Release|Any CPU
		{05D8FA75-AAB0-4C27-A40E-6F130C0F29B5}.Debug|Any CPU.ActiveCfg = Debug|Any CPU
		{05D8FA75-AAB0-4C27-A40E-6F130C0F29B5}.Debug|Any CPU.Build.0 = Debug|Any CPU
		{05D8FA75-AAB0-4C27-A40E-6F130C0F29B5}.Release|Any CPU.ActiveCfg = Release|Any CPU
		{05D8FA75-AAB0-4C27-A40E-6F130C0F29B5}.Release|Any CPU.Build.0 = Release|Any CPU
		{2C50FEC3-1918-45EB-9E7E-D44C97D0D0E2}.Debug|Any CPU.ActiveCfg = Debug|Any CPU
		{2C50FEC3-1918-45EB-9E7E-D44C97D0D0E2}.Debug|Any CPU.Build.0 = Debug|Any CPU
		{2C50FEC3-1918-45EB-9E7E-D44C97D0D0E2}.Release|Any CPU.ActiveCfg = Release|Any CPU
		{2C50FEC3-1918-45EB-9E7E-D44C97D0D0E2}.Release|Any CPU.Build.0 = Release|Any CPU
	EndGlobalSection
	GlobalSection(SolutionProperties) = preSolution
		HideSolutionNode = FALSE
	EndGlobalSection
	GlobalSection(ExtensibilityGlobals) = postSolution
		SolutionGuid = {E72F8434-B519-4DBE-A2CE-327C97A17D44}
	EndGlobalSection
EndGlobal
